
Microsoft Visual Studio Solution File, Format Version 12.00
# Visual Studio Version 16
VisualStudioVersion = 16.0.30114.105
MinimumVisualStudioVersion = 10.0.40219.1
Project("{9A19103F-16F7-4668-BE54-9A1E7A4F7556}") = "PasswordManager.App", "PasswordManager.App\PasswordManager.App.csproj", "{35B4F834-F47D-4B52-B700-F362FE312535}"
EndProject
Project("{9A19103F-16F7-4668-BE54-9A1E7A4F7556}") = "PasswordManager.Shared", "PasswordManager.Shared\PasswordManager.Shared.csproj", "{431EAA34-599F-43C9-9945-E2A6E1AC13D7}"
EndProject
Project("{2150E333-8FDC-42A3-9474-1A3956D46DE8}") = "Client", "Client", "{E02AF6C7-3919-4511-9273-939D875A6BF9}"
EndProject
Project("{2150E333-8FDC-42A3-9474-1A3956D46DE8}") = "Server", "Server", "{607E8F82-5A96-4645-83B7-01CB27C5C4DD}"
EndProject
Project("{9A19103F-16F7-4668-BE54-9A1E7A4F7556}") = "PasswordManager.Server", "Server\PasswordManager.Server\PasswordManager.Server.csproj", "{1275BB57-39D4-4B21-B8C5-551EA1814BE9}"
EndProject
Project("{9A19103F-16F7-4668-BE54-9A1E7A4F7556}") = "PasswordManager.Server.Core", "Server\PasswordManager.Server.Core\PasswordManager.Server.Core.csproj", "{3745817A-39F2-4408-A52E-881AA5FC387E}"
EndProject
Project("{9A19103F-16F7-4668-BE54-9A1E7A4F7556}") = "PasswordManager.Client", "Client\PasswordManager.Client\PasswordManager.Client.csproj", "{3EDBE916-394C-4A2D-AB04-728EADA15CCF}"
EndProject
Project("{9A19103F-16F7-4668-BE54-9A1E7A4F7556}") = "PasswordManager.Client.Core", "Client\PasswordManager.Client.Core\PasswordManager.Client.Core.csproj", "{E1352CF7-2CEF-44EB-B027-796CB861CE7C}"
EndProject
Global
	GlobalSection(SolutionConfigurationPlatforms) = preSolution
		Debug|Any CPU = Debug|Any CPU
		Debug|x64 = Debug|x64
		Debug|x86 = Debug|x86
		Release|Any CPU = Release|Any CPU
		Release|x64 = Release|x64
		Release|x86 = Release|x86
	EndGlobalSection
	GlobalSection(ProjectConfigurationPlatforms) = postSolution
		{35B4F834-F47D-4B52-B700-F362FE312535}.Debug|Any CPU.ActiveCfg = Debug|Any CPU
		{35B4F834-F47D-4B52-B700-F362FE312535}.Debug|Any CPU.Build.0 = Debug|Any CPU
		{35B4F834-F47D-4B52-B700-F362FE312535}.Debug|x64.ActiveCfg = Debug|Any CPU
		{35B4F834-F47D-4B52-B700-F362FE312535}.Debug|x64.Build.0 = Debug|Any CPU
		{35B4F834-F47D-4B52-B700-F362FE312535}.Debug|x86.ActiveCfg = Debug|Any CPU
		{35B4F834-F47D-4B52-B700-F362FE312535}.Debug|x86.Build.0 = Debug|Any CPU
		{35B4F834-F47D-4B52-B700-F362FE312535}.Release|Any CPU.ActiveCfg = Release|Any CPU
		{35B4F834-F47D-4B52-B700-F362FE312535}.Release|Any CPU.Build.0 = Release|Any CPU
		{35B4F834-F47D-4B52-B700-F362FE312535}.Release|x64.ActiveCfg = Release|Any CPU
		{35B4F834-F47D-4B52-B700-F362FE312535}.Release|x64.Build.0 = Release|Any CPU
		{35B4F834-F47D-4B52-B700-F362FE312535}.Release|x86.ActiveCfg = Release|Any CPU
		{35B4F834-F47D-4B52-B700-F362FE312535}.Release|x86.Build.0 = Release|Any CPU
		{431EAA34-599F-43C9-9945-E2A6E1AC13D7}.Debug|Any CPU.ActiveCfg = Debug|Any CPU
		{431EAA34-599F-43C9-9945-E2A6E1AC13D7}.Debug|Any CPU.Build.0 = Debug|Any CPU
		{431EAA34-599F-43C9-9945-E2A6E1AC13D7}.Debug|x64.ActiveCfg = Debug|Any CPU
		{431EAA34-599F-43C9-9945-E2A6E1AC13D7}.Debug|x64.Build.0 = Debug|Any CPU
		{431EAA34-599F-43C9-9945-E2A6E1AC13D7}.Debug|x86.ActiveCfg = Debug|Any CPU
		{431EAA34-599F-43C9-9945-E2A6E1AC13D7}.Debug|x86.Build.0 = Debug|Any CPU
		{431EAA34-599F-43C9-9945-E2A6E1AC13D7}.Release|Any CPU.ActiveCfg = Release|Any CPU
		{431EAA34-599F-43C9-9945-E2A6E1AC13D7}.Release|Any CPU.Build.0 = Release|Any CPU
		{431EAA34-599F-43C9-9945-E2A6E1AC13D7}.Release|x64.ActiveCfg = Release|Any CPU
		{431EAA34-599F-43C9-9945-E2A6E1AC13D7}.Release|x64.Build.0 = Release|Any CPU
		{431EAA34-599F-43C9-9945-E2A6E1AC13D7}.Release|x86.ActiveCfg = Release|Any CPU
		{431EAA34-599F-43C9-9945-E2A6E1AC13D7}.Release|x86.Build.0 = Release|Any CPU
		{1275BB57-39D4-4B21-B8C5-551EA1814BE9}.Debug|Any CPU.ActiveCfg = Debug|Any CPU
		{1275BB57-39D4-4B21-B8C5-551EA1814BE9}.Debug|Any CPU.Build.0 = Debug|Any CPU
		{1275BB57-39D4-4B21-B8C5-551EA1814BE9}.Debug|x64.ActiveCfg = Debug|Any CPU
		{1275BB57-39D4-4B21-B8C5-551EA1814BE9}.Debug|x64.Build.0 = Debug|Any CPU
		{1275BB57-39D4-4B21-B8C5-551EA1814BE9}.Debug|x86.ActiveCfg = Debug|Any CPU
		{1275BB57-39D4-4B21-B8C5-551EA1814BE9}.Debug|x86.Build.0 = Debug|Any CPU
		{1275BB57-39D4-4B21-B8C5-551EA1814BE9}.Release|Any CPU.ActiveCfg = Release|Any CPU
		{1275BB57-39D4-4B21-B8C5-551EA1814BE9}.Release|Any CPU.Build.0 = Release|Any CPU
		{1275BB57-39D4-4B21-B8C5-551EA1814BE9}.Release|x64.ActiveCfg = Release|Any CPU
		{1275BB57-39D4-4B21-B8C5-551EA1814BE9}.Release|x64.Build.0 = Release|Any CPU
		{1275BB57-39D4-4B21-B8C5-551EA1814BE9}.Release|x86.ActiveCfg = Release|Any CPU
		{1275BB57-39D4-4B21-B8C5-551EA1814BE9}.Release|x86.Build.0 = Release|Any CPU
		{3745817A-39F2-4408-A52E-881AA5FC387E}.Debug|Any CPU.ActiveCfg = Debug|Any CPU
		{3745817A-39F2-4408-A52E-881AA5FC387E}.Debug|Any CPU.Build.0 = Debug|Any CPU
		{3745817A-39F2-4408-A52E-881AA5FC387E}.Debug|x64.ActiveCfg = Debug|Any CPU
		{3745817A-39F2-4408-A52E-881AA5FC387E}.Debug|x64.Build.0 = Debug|Any CPU
		{3745817A-39F2-4408-A52E-881AA5FC387E}.Debug|x86.ActiveCfg = Debug|Any CPU
		{3745817A-39F2-4408-A52E-881AA5FC387E}.Debug|x86.Build.0 = Debug|Any CPU
		{3745817A-39F2-4408-A52E-881AA5FC387E}.Release|Any CPU.ActiveCfg = Release|Any CPU
		{3745817A-39F2-4408-A52E-881AA5FC387E}.Release|Any CPU.Build.0 = Release|Any CPU
		{3745817A-39F2-4408-A52E-881AA5FC387E}.Release|x64.ActiveCfg = Release|Any CPU
		{3745817A-39F2-4408-A52E-881AA5FC387E}.Release|x64.Build.0 = Release|Any CPU
		{3745817A-39F2-4408-A52E-881AA5FC387E}.Release|x86.ActiveCfg = Release|Any CPU
		{3745817A-39F2-4408-A52E-881AA5FC387E}.Release|x86.Build.0 = Release|Any CPU
		{3EDBE916-394C-4A2D-AB04-728EADA15CCF}.Debug|Any CPU.ActiveCfg = Debug|Any CPU
		{3EDBE916-394C-4A2D-AB04-728EADA15CCF}.Debug|Any CPU.Build.0 = Debug|Any CPU
		{3EDBE916-394C-4A2D-AB04-728EADA15CCF}.Debug|x64.ActiveCfg = Debug|Any CPU
		{3EDBE916-394C-4A2D-AB04-728EADA15CCF}.Debug|x64.Build.0 = Debug|Any CPU
		{3EDBE916-394C-4A2D-AB04-728EADA15CCF}.Debug|x86.ActiveCfg = Debug|Any CPU
		{3EDBE916-394C-4A2D-AB04-728EADA15CCF}.Debug|x86.Build.0 = Debug|Any CPU
		{3EDBE916-394C-4A2D-AB04-728EADA15CCF}.Release|Any CPU.ActiveCfg = Release|Any CPU
		{3EDBE916-394C-4A2D-AB04-728EADA15CCF}.Release|Any CPU.Build.0 = Release|Any CPU
		{3EDBE916-394C-4A2D-AB04-728EADA15CCF}.Release|x64.ActiveCfg = Release|Any CPU
		{3EDBE916-394C-4A2D-AB04-728EADA15CCF}.Release|x64.Build.0 = Release|Any CPU
		{3EDBE916-394C-4A2D-AB04-728EADA15CCF}.Release|x86.ActiveCfg = Release|Any CPU
		{3EDBE916-394C-4A2D-AB04-728EADA15CCF}.Release|x86.Build.0 = Release|Any CPU
		{E1352CF7-2CEF-44EB-B027-796CB861CE7C}.Debug|Any CPU.ActiveCfg = Debug|Any CPU
		{E1352CF7-2CEF-44EB-B027-796CB861CE7C}.Debug|Any CPU.Build.0 = Debug|Any CPU
		{E1352CF7-2CEF-44EB-B027-796CB861CE7C}.Debug|x64.ActiveCfg = Debug|Any CPU
		{E1352CF7-2CEF-44EB-B027-796CB861CE7C}.Debug|x64.Build.0 = Debug|Any CPU
		{E1352CF7-2CEF-44EB-B027-796CB861CE7C}.Debug|x86.ActiveCfg = Debug|Any CPU
		{E1352CF7-2CEF-44EB-B027-796CB861CE7C}.Debug|x86.Build.0 = Debug|Any CPU
		{E1352CF7-2CEF-44EB-B027-796CB861CE7C}.Release|Any CPU.ActiveCfg = Release|Any CPU
		{E1352CF7-2CEF-44EB-B027-796CB861CE7C}.Release|Any CPU.Build.0 = Release|Any CPU
		{E1352CF7-2CEF-44EB-B027-796CB861CE7C}.Release|x64.ActiveCfg = Release|Any CPU
		{E1352CF7-2CEF-44EB-B027-796CB861CE7C}.Release|x64.Build.0 = Release|Any CPU
		{E1352CF7-2CEF-44EB-B027-796CB861CE7C}.Release|x86.ActiveCfg = Release|Any CPU
		{E1352CF7-2CEF-44EB-B027-796CB861CE7C}.Release|x86.Build.0 = Release|Any CPU
	EndGlobalSection
	GlobalSection(SolutionProperties) = preSolution
		HideSolutionNode = FALSE
	EndGlobalSection
	GlobalSection(NestedProjects) = preSolution
		{1275BB57-39D4-4B21-B8C5-551EA1814BE9} = {607E8F82-5A96-4645-83B7-01CB27C5C4DD}
		{3745817A-39F2-4408-A52E-881AA5FC387E} = {607E8F82-5A96-4645-83B7-01CB27C5C4DD}
		{3EDBE916-394C-4A2D-AB04-728EADA15CCF} = {E02AF6C7-3919-4511-9273-939D875A6BF9}
		{E1352CF7-2CEF-44EB-B027-796CB861CE7C} = {E02AF6C7-3919-4511-9273-939D875A6BF9}
	EndGlobalSection
	GlobalSection(ExtensibilityGlobals) = postSolution
		SolutionGuid = {C87A95D5-A526-4323-9912-2BD2A012ABCD}
	EndGlobalSection
EndGlobal
